github.com/bit101/blgo v1.0.2 h1:aRcy5g2iTAe0Vw+5A6abYPNtjDGsnHJzLiEMM08RPuw=
github.com/bit101/blgo v1.0.2/go.mod h1:6bni9e92WBeDuIPA7yvAh6vNLAEXXZWNs1U6s++eK3A=
github.com/bit101/go-cairo v1.0.0 h1:So7dRXutHrRNV/lhNafTTAKwYP0MXAQdcF0d4/8HDBE=
github.com/bit101/go-cairo v1.0.0/go.mod h1:DcWQM9/iziHK80FGTZbA/1eTvXL9STRistJwCRcSsEo=
